
Microsoft Visual Studio Solution File, Format Version 12.00
# Visual Studio Version 17
VisualStudioVersion = 17.4.33205.214
MinimumVisualStudioVersion = 10.0.40219.1
Project("{FAE04EC0-301F-11D3-BF4B-00C04F79EFBC}") = "ANN", "ANN\ANN.csproj", "{480B4F95-B613-4976-BB23-2150B6AE56CC}"
EndProject
Global
	GlobalSection(SolutionConfigurationPlatforms) = preSolution
		Debug|Any CPU = Debug|Any CPU
		Release|Any CPU = Release|Any CPU
	EndGlobalSection
	GlobalSection(ProjectConfigurationPlatforms) = postSolution
		{480B4F95-B613-4976-BB23-2150B6AE56CC}.Debug|Any CPU.ActiveCfg = Debug|Any CPU
		{480B4F95-B613-4976-BB23-2150B6AE56CC}.Debug|Any CPU.Build.0 = Debug|Any CPU
		{480B4F95-B613-4976-BB23-2150B6AE56CC}.Release|Any CPU.ActiveCfg = Release|Any CPU
		{480B4F95-B613-4976-BB23-2150B6AE56CC}.Release|Any CPU.Build.0 = Release|Any CPU
	EndGlobalSection
	GlobalSection(SolutionProperties) = preSolution
		HideSolutionNode = FALSE
	EndGlobalSection
	GlobalSection(ExtensibilityGlobals) = postSolution
		SolutionGuid = {D8A54017-0169-4A5E-BADA-78DE77316467}
	EndGlobalSection
EndGlobal
